
Microsoft Visual Studio Solution File, Format Version 12.00
# Visual Studio Version 16
VisualStudioVersion = 16.0.29911.84
MinimumVisualStudioVersion = 10.0.40219.1
Project("{FAE04EC0-301F-11D3-BF4B-00C04F79EFBC}") = "lr4_1", "lr4_1\lr4_1.csproj", "{7E5CF93B-EF83-4087-B9BF-CF14D2868CFF}"
EndProject
Global
	GlobalSection(SolutionConfigurationPlatforms) = preSolution
		Debug|Any CPU = Debug|Any CPU
		Release|Any CPU = Release|Any CPU
	EndGlobalSection
	GlobalSection(ProjectConfigurationPlatforms) = postSolution
		{7E5CF93B-EF83-4087-B9BF-CF14D2868CFF}.Debug|Any CPU.ActiveCfg = Debug|Any CPU
		{7E5CF93B-EF83-4087-B9BF-CF14D2868CFF}.Debug|Any CPU.Build.0 = Debug|Any CPU
		{7E5CF93B-EF83-4087-B9BF-CF14D2868CFF}.Release|Any CPU.ActiveCfg = Release|Any CPU
		{7E5CF93B-EF83-4087-B9BF-CF14D2868CFF}.Release|Any CPU.Build.0 = Release|Any CPU
	EndGlobalSection
	GlobalSection(SolutionProperties) = preSolution
		HideSolutionNode = FALSE
	EndGlobalSection
	GlobalSection(ExtensibilityGlobals) = postSolution
		SolutionGuid = {4C94A58B-1814-458A-8EE6-6685175376D8}
	EndGlobalSection
EndGlobal
